// !$*UTF8*$!
{
	archiveVersion = 1;
	classes = {
	};
	objectVersion = 56;
	objects = {

/* Begin PBXBuildFile section */
		04C205AA2DF1281A00B6E96A /* AppDelegate.m in Sources */ = {isa = PBXBuildFile; fileRef = 04C205A92DF1281A00B6E96A /* AppDelegate.m */; };
		04C205AD2DF1281A00B6E96A /* SceneDelegate.m in Sources */ = {isa = PBXBuildFile; fileRef = 04C205AC2DF1281A00B6E96A /* SceneDelegate.m */; };
		04C205B02DF1281A00B6E96A /* GroceriesListViewController.m in Sources */ = {isa = PBXBuildFile; fileRef = 04C205AF2DF1281A00B6E96A /* GroceriesListViewController.m */; };
		04C205B32DF1281A00B6E96A /* Base in Resources */ = {isa = PBXBuildFile; fileRef = 04C205B22DF1281A00B6E96A /* Base */; };
		04C205B62DF1281A00B6E96A /* Gabe_s_Fridge.xcdatamodeld in Sources */ = {isa = PBXBuildFile; fileRef = 04C205B42DF1281A00B6E96A /* Gabe_s_Fridge.xcdatamodeld */; };
		04C205B82DF1281E00B6E96A /* Assets.xcassets in Resources */ = {isa = PBXBuildFile; fileRef = 04C205B72DF1281E00B6E96A /* Assets.xcassets */; };
		04C205BB2DF1281E00B6E96A /* Base in Resources */ = {isa = PBXBuildFile; fileRef = 04C205BA2DF1281E00B6E96A /* Base */; };
		04C205BE2DF1281E00B6E96A /* main.m in Sources */ = {isa = PBXBuildFile; fileRef = 04C205BD2DF1281E00B6E96A /* main.m */; };
		04C205CF2DF12C2100B6E96A /* GroceryItem+CoreDataClass.m in Sources */ = {isa = PBXBuildFile; fileRef = 04C205CD2DF12C2100B6E96A /* GroceryItem+CoreDataClass.m */; };
		04C205D02DF12C2100B6E96A /* GroceryItem+CoreDataProperties.m in Sources */ = {isa = PBXBuildFile; fileRef = 04C205CE2DF12C2100B6E96A /* GroceryItem+CoreDataProperties.m */; };
/* End PBXBuildFile section */

/* Begin PBXFileReference section */
		04C205A52DF1281A00B6E96A /* Gabe's-Fridge.app */ = {isa = PBXFileReference; explicitFileType = wrapper.application; includeInIndex = 0; path = "Gabe's-Fridge.app"; sourceTree = BUILT_PRODUCTS_DIR; };
		04C205A82DF1281A00B6E96A /* AppDelegate.h */ = {isa = PBXFileReference; lastKnownFileType = sourcecode.c.h; path = AppDelegate.h; sourceTree = "<group>"; };
		04C205A92DF1281A00B6E96A /* AppDelegate.m */ = {isa = PBXFileReference; lastKnownFileType = sourcecode.c.objc; path = AppDelegate.m; sourceTree = "<group>"; };
		04C205AB2DF1281A00B6E96A /* SceneDelegate.h */ = {isa = PBXFileReference; lastKnownFileType = sourcecode.c.h; path = SceneDelegate.h; sourceTree = "<group>"; };
		04C205AC2DF1281A00B6E96A /* SceneDelegate.m */ = {isa = PBXFileReference; lastKnownFileType = sourcecode.c.objc; path = SceneDelegate.m; sourceTree = "<group>"; };
		04C205AE2DF1281A00B6E96A /* GroceriesListViewController.h */ = {isa = PBXFileReference; lastKnownFileType = sourcecode.c.h; path = GroceriesListViewController.h; sourceTree = "<group>"; };
		04C205AF2DF1281A00B6E96A /* GroceriesListViewController.m */ = {isa = PBXFileReference; lastKnownFileType = sourcecode.c.objc; path = GroceriesListViewController.m; sourceTree = "<group>"; };
		04C205B22DF1281A00B6E96A /* Base */ = {isa = PBXFileReference; lastKnownFileType = file.storyboard; name = Base; path = Base.lproj/Main.storyboard; sourceTree = "<group>"; };
		04C205B52DF1281A00B6E96A /* Gabe_s_Fridge.xcdatamodel */ = {isa = PBXFileReference; lastKnownFileType = wrapper.xcdatamodel; path = Gabe_s_Fridge.xcdatamodel; sourceTree = "<group>"; };
		04C205B72DF1281E00B6E96A /* Assets.xcassets */ = {isa = PBXFileReference; lastKnownFileType = folder.assetcatalog; path = Assets.xcassets; sourceTree = "<group>"; };
		04C205BA2DF1281E00B6E96A /* Base */ = {isa = PBXFileReference; lastKnownFileType = file.storyboard; name = Base; path = Base.lproj/LaunchScreen.storyboard; sourceTree = "<group>"; };
		04C205BC2DF1281E00B6E96A /* Info.plist */ = {isa = PBXFileReference; lastKnownFileType = text.plist.xml; path = Info.plist; sourceTree = "<group>"; };
		04C205BD2DF1281E00B6E96A /* main.m */ = {isa = PBXFileReference; lastKnownFileType = sourcecode.c.objc; path = main.m; sourceTree = "<group>"; };
		04C205CB2DF12C2100B6E96A /* GroceryItem+CoreDataProperties.h */ = {isa = PBXFileReference; lastKnownFileType = sourcecode.c.h; path = "GroceryItem+CoreDataProperties.h"; sourceTree = "<group>"; };
		04C205CC2DF12C2100B6E96A /* GroceryItem+CoreDataClass.h */ = {isa = PBXFileReference; lastKnownFileType = sourcecode.c.h; path = "GroceryItem+CoreDataClass.h"; sourceTree = "<group>"; };
		04C205CD2DF12C2100B6E96A /* GroceryItem+CoreDataClass.m */ = {isa = PBXFileReference; lastKnownFileType = sourcecode.c.objc; path = "GroceryItem+CoreDataClass.m"; sourceTree = "<group>"; };
		04C205CE2DF12C2100B6E96A /* GroceryItem+CoreDataProperties.m */ = {isa = PBXFileReference; lastKnownFileType = sourcecode.c.objc; path = "GroceryItem+CoreDataProperties.m"; sourceTree = "<group>"; };
/* End PBXFileReference section */

/* Begin PBXFrameworksBuildPhase section */
		04C205A22DF1281A00B6E96A /* Frameworks */ = {
			isa = PBXFrameworksBuildPhase;
			buildActionMask = 2147483647;
			files = (
			);
			runOnlyForDeploymentPostprocessing = 0;
		};
/* End PBXFrameworksBuildPhase section */

/* Begin PBXGroup section */
		04C2059C2DF1281900B6E96A = {
			isa = PBXGroup;
			children = (
				04C205CB2DF12C2100B6E96A /* GroceryItem+CoreDataProperties.h */,
				04C205CC2DF12C2100B6E96A /* GroceryItem+CoreDataClass.h */,
				04C205CD2DF12C2100B6E96A /* GroceryItem+CoreDataClass.m */,
				04C205CE2DF12C2100B6E96A /* GroceryItem+CoreDataProperties.m */,
				04C205A72DF1281A00B6E96A /* Gabe's-Fridge */,
				04C205A62DF1281A00B6E96A /* Products */,
			);
			sourceTree = "<group>";
		};
		04C205A62DF1281A00B6E96A /* Products */ = {
			isa = PBXGroup;
			children = (
				04C205A52DF1281A00B6E96A /* Gabe's-Fridge.app */,
			);
			name = Products;
			sourceTree = "<group>";
		};
		04C205A72DF1281A00B6E96A /* Gabe's-Fridge */ = {
			isa = PBXGroup;
			children = (
				04C205C92DF1288D00B6E96A /* Models */,
				04C205C82DF1288700B6E96A /* Views */,
				04C205C72DF1286C00B6E96A /* ViewControllers */,
				04C205C62DF1285B00B6E96A /* CoreData */,
				04C205C42DF1283700B6E96A /* Core */,
				04C205CA2DF1289500B6E96A /* Resources */,
			);
			path = "Gabe's-Fridge";
			sourceTree = "<group>";
		};
		04C205C42DF1283700B6E96A /* Core */ = {
			isa = PBXGroup;
			children = (
				04C205A82DF1281A00B6E96A /* AppDelegate.h */,
				04C205A92DF1281A00B6E96A /* AppDelegate.m */,
				04C205AB2DF1281A00B6E96A /* SceneDelegate.h */,
				04C205AC2DF1281A00B6E96A /* SceneDelegate.m */,
			);
			path = Core;
			sourceTree = "<group>";
		};
		04C205C62DF1285B00B6E96A /* CoreData */ = {
			isa = PBXGroup;
			children = (
				04C205B42DF1281A00B6E96A /* Gabe_s_Fridge.xcdatamodeld */,
			);
			path = CoreData;
			sourceTree = "<group>";
		};
		04C205C72DF1286C00B6E96A /* ViewControllers */ = {
			isa = PBXGroup;
			children = (
				04C205AE2DF1281A00B6E96A /* GroceriesListViewController.h */,
				04C205AF2DF1281A00B6E96A /* GroceriesListViewController.m */,
			);
			path = ViewControllers;
			sourceTree = "<group>";
		};
		04C205C82DF1288700B6E96A /* Views */ = {
			isa = PBXGroup;
			children = (
			);
			path = Views;
			sourceTree = "<group>";
		};
		04C205C92DF1288D00B6E96A /* Models */ = {
			isa = PBXGroup;
			children = (
			);
			path = Models;
			sourceTree = "<group>";
		};
		04C205CA2DF1289500B6E96A /* Resources */ = {
			isa = PBXGroup;
			children = (
				04C205B12DF1281A00B6E96A /* Main.storyboard */,
				04C205B72DF1281E00B6E96A /* Assets.xcassets */,
				04C205B92DF1281E00B6E96A /* LaunchScreen.storyboard */,
				04C205BC2DF1281E00B6E96A /* Info.plist */,
				04C205BD2DF1281E00B6E96A /* main.m */,
			);
			path = Resources;
			sourceTree = "<group>";
		};
/* End PBXGroup section */

/* Begin PBXNativeTarget section */
		04C205A42DF1281A00B6E96A /* Gabe's-Fridge */ = {
			isa = PBXNativeTarget;
			buildConfigurationList = 04C205C12DF1281E00B6E96A /* Build configuration list for PBXNativeTarget "Gabe's-Fridge" */;
			buildPhases = (
				04C205A12DF1281A00B6E96A /* Sources */,
				04C205A22DF1281A00B6E96A /* Frameworks */,
				04C205A32DF1281A00B6E96A /* Resources */,
			);
			buildRules = (
			);
			dependencies = (
			);
			name = "Gabe's-Fridge";
			productName = "Gabe's-Fridge";
			productReference = 04C205A52DF1281A00B6E96A /* Gabe's-Fridge.app */;
			productType = "com.apple.product-type.application";
		};
/* End PBXNativeTarget section */

/* Begin PBXProject section */
		04C2059D2DF1281900B6E96A /* Project object */ = {
			isa = PBXProject;
			attributes = {
				BuildIndependentTargetsInParallel = 1;
				LastUpgradeCheck = 1540;
				TargetAttributes = {
					04C205A42DF1281A00B6E96A = {
						CreatedOnToolsVersion = 15.4;
					};
				};
			};
			buildConfigurationList = 04C205A02DF1281900B6E96A /* Build configuration list for PBXProject "Gabe's-Fridge" */;
			compatibilityVersion = "Xcode 14.0";
			developmentRegion = en;
			hasScannedForEncodings = 0;
			knownRegions = (
				en,
				Base,
			);
			mainGroup = 04C2059C2DF1281900B6E96A;
			productRefGroup = 04C205A62DF1281A00B6E96A /* Products */;
			projectDirPath = "";
			projectRoot = "";
			targets = (
				04C205A42DF1281A00B6E96A /* Gabe's-Fridge */,
			);
		};
/* End PBXProject section */

/* Begin PBXResourcesBuildPhase section */
		04C205A32DF1281A00B6E96A /* Resources */ = {
			isa = PBXResourcesBuildPhase;
			buildActionMask = 2147483647;
			files = (
				04C205B82DF1281E00B6E96A /* Assets.xcassets in Resources */,
				04C205BB2DF1281E00B6E96A /* Base in Resources */,
				04C205B32DF1281A00B6E96A /* Base in Resources */,
			);
			runOnlyForDeploymentPostprocessing = 0;
		};
/* End PBXResourcesBuildPhase section */

/* Begin PBXSourcesBuildPhase section */
		04C205A12DF1281A00B6E96A /* Sources */ = {
			isa = PBXSourcesBuildPhase;
			buildActionMask = 2147483647;
			files = (
				04C205BE2DF1281E00B6E96A /* main.m in Sources */,
				04C205B02DF1281A00B6E96A /* GroceriesListViewController.m in Sources */,
				04C205AA2DF1281A00B6E96A /* AppDelegate.m in Sources */,
				04C205AD2DF1281A00B6E96A /* SceneDelegate.m in Sources */,
				04C205CF2DF12C2100B6E96A /* GroceryItem+CoreDataClass.m in Sources */,
				04C205D02DF12C2100B6E96A /* GroceryItem+CoreDataProperties.m in Sources */,
				04C205B62DF1281A00B6E96A /* Gabe_s_Fridge.xcdatamodeld in Sources */,
			);
			runOnlyForDeploymentPostprocessing = 0;
		};
/* End PBXSourcesBuildPhase section */

/* Begin PBXVariantGroup section */
		04C205B12DF1281A00B6E96A /* Main.storyboard */ = {
			isa = PBXVariantGroup;
			children = (
				04C205B22DF1281A00B6E96A /* Base */,
			);
			name = Main.storyboard;
			sourceTree = "<group>";
		};
		04C205B92DF1281E00B6E96A /* LaunchScreen.storyboard */ = {
			isa = PBXVariantGroup;
			children = (
				04C205BA2DF1281E00B6E96A /* Base */,
			);
			name = LaunchScreen.storyboard;
			sourceTree = "<group>";
		};
/* End PBXVariantGroup section */

/* Begin XCBuildConfiguration section */
		04C205BF2DF1281E00B6E96A /* Debug */ = {
			isa = XCBuildConfiguration;
			buildSettings = {
				ALWAYS_SEARCH_USER_PATHS = NO;
				ASSETCATALOG_COMPILER_GENERATE_SWIFT_ASSET_SYMBOL_EXTENSIONS = YES;
				CLANG_ANALYZER_NONNULL = YES;
				CLANG_ANALYZER_NUMBER_OBJECT_CONVERSION = YES_AGGRESSIVE;
				CLANG_CXX_LANGUAGE_STANDARD = "gnu++20";
				CLANG_ENABLE_MODULES = YES;
				CLANG_ENABLE_OBJC_ARC = YES;
				CLANG_ENABLE_OBJC_WEAK = YES;
				CLANG_WARN_BLOCK_CAPTURE_AUTORELEASING = YES;
				CLANG_WARN_BOOL_CONVERSION = YES;
				CLANG_WARN_COMMA = YES;
				CLANG_WARN_CONSTANT_CONVERSION = YES;
				CLANG_WARN_DEPRECATED_OBJC_IMPLEMENTATIONS = YES;
				CLANG_WARN_DIRECT_OBJC_ISA_USAGE = YES_ERROR;
				CLANG_WARN_DOCUMENTATION_COMMENTS = YES;
				CLANG_WARN_EMPTY_BODY = YES;
				CLANG_WARN_ENUM_CONVERSION = YES;
				CLANG_WARN_INFINITE_RECURSION = YES;
				CLANG_WARN_INT_CONVERSION = YES;
				CLANG_WARN_NON_LITERAL_NULL_CONVERSION = YES;
				CLANG_WARN_OBJC_IMPLICIT_RETAIN_SELF = YES;
				CLANG_WARN_OBJC_LITERAL_CONVERSION = YES;
				CLANG_WARN_OBJC_ROOT_CLASS = YES_ERROR;
				CLANG_WARN_QUOTED_INCLUDE_IN_FRAMEWORK_HEADER = YES;
				CLANG_WARN_RANGE_LOOP_ANALYSIS = YES;
				CLANG_WARN_STRICT_PROTOTYPES = YES;
				CLANG_WARN_SUSPICIOUS_MOVE = YES;
				CLANG_WARN_UNGUARDED_AVAILABILITY = YES_AGGRESSIVE;
				CLANG_WARN_UNREACHABLE_CODE = YES;
				CLANG_WARN__DUPLICATE_METHOD_MATCH = YES;
				COPY_PHASE_STRIP = NO;
				DEBUG_INFORMATION_FORMAT = dwarf;
				ENABLE_STRICT_OBJC_MSGSEND = YES;
				ENABLE_TESTABILITY = YES;
				ENABLE_USER_SCRIPT_SANDBOXING = YES;
				GCC_C_LANGUAGE_STANDARD = gnu17;
				GCC_DYNAMIC_NO_PIC = NO;
				GCC_NO_COMMON_BLOCKS = YES;
				GCC_OPTIMIZATION_LEVEL = 0;
				GCC_PREPROCESSOR_DEFINITIONS = (
					"DEBUG=1",
					"$(inherited)",
				);
				GCC_WARN_64_TO_32_BIT_CONVERSION = YES;
				GCC_WARN_ABOUT_RETURN_TYPE = YES_ERROR;
				GCC_WARN_UNDECLARED_SELECTOR = YES;
				GCC_WARN_UNINITIALIZED_AUTOS = YES_AGGRESSIVE;
				GCC_WARN_UNUSED_FUNCTION = YES;
				GCC_WARN_UNUSED_VARIABLE = YES;
				IPHONEOS_DEPLOYMENT_TARGET = 17.5;
				LOCALIZATION_PREFERS_STRING_CATALOGS = YES;
				MTL_ENABLE_DEBUG_INFO = INCLUDE_SOURCE;
				MTL_FAST_MATH = YES;
				ONLY_ACTIVE_ARCH = YES;
				SDKROOT = iphoneos;
			};
			name = Debug;
		};
		04C205C02DF1281E00B6E96A /* Release */ = {
			isa = XCBuildConfiguration;
			buildSettings = {
				ALWAYS_SEARCH_USER_PATHS = NO;
				ASSETCATALOG_COMPILER_GENERATE_SWIFT_ASSET_SYMBOL_EXTENSIONS = YES;
				CLANG_ANALYZER_NONNULL = YES;
				CLANG_ANALYZER_NUMBER_OBJECT_CONVERSION = YES_AGGRESSIVE;
				CLANG_CXX_LANGUAGE_STANDARD = "gnu++20";
				CLANG_ENABLE_MODULES = YES;
				CLANG_ENABLE_OBJC_ARC = YES;
				CLANG_ENABLE_OBJC_WEAK = YES;
				CLANG_WARN_BLOCK_CAPTURE_AUTORELEASING = YES;
				CLANG_WARN_BOOL_CONVERSION = YES;
				CLANG_WARN_COMMA = YES;
				CLANG_WARN_CONSTANT_CONVERSION = YES;
				CLANG_WARN_DEPRECATED_OBJC_IMPLEMENTATIONS = YES;
				CLANG_WARN_DIRECT_OBJC_ISA_USAGE = YES_ERROR;
				CLANG_WARN_DOCUMENTATION_COMMENTS = YES;
				CLANG_WARN_EMPTY_BODY = YES;
				CLANG_WARN_ENUM_CONVERSION = YES;
				CLANG_WARN_INFINITE_RECURSION = YES;
				CLANG_WARN_INT_CONVERSION = YES;
				CLANG_WARN_NON_LITERAL_NULL_CONVERSION = YES;
				CLANG_WARN_OBJC_IMPLICIT_RETAIN_SELF = YES;
				CLANG_WARN_OBJC_LITERAL_CONVERSION = YES;
				CLANG_WARN_OBJC_ROOT_CLASS = YES_ERROR;
				CLANG_WARN_QUOTED_INCLUDE_IN_FRAMEWORK_HEADER = YES;
				CLANG_WARN_RANGE_LOOP_ANALYSIS = YES;
				CLANG_WARN_STRICT_PROTOTYPES = YES;
				CLANG_WARN_SUSPICIOUS_MOVE = YES;
				CLANG_WARN_UNGUARDED_AVAILABILITY = YES_AGGRESSIVE;
				CLANG_WARN_UNREACHABLE_CODE = YES;
				CLANG_WARN__DUPLICATE_METHOD_MATCH = YES;
				COPY_PHASE_STRIP = NO;
				DEBUG_INFORMATION_FORMAT = "dwarf-with-dsym";
				ENABLE_NS_ASSERTIONS = NO;
				ENABLE_STRICT_OBJC_MSGSEND = YES;
				ENABLE_USER_SCRIPT_SANDBOXING = YES;
				GCC_C_LANGUAGE_STANDARD = gnu17;
				GCC_NO_COMMON_BLOCKS = YES;
				GCC_WARN_64_TO_32_BIT_CONVERSION = YES;
				GCC_WARN_ABOUT_RETURN_TYPE = YES_ERROR;
				GCC_WARN_UNDECLARED_SELECTOR = YES;
				GCC_WARN_UNINITIALIZED_AUTOS = YES_AGGRESSIVE;
				GCC_WARN_UNUSED_FUNCTION = YES;
				GCC_WARN_UNUSED_VARIABLE = YES;
				IPHONEOS_DEPLOYMENT_TARGET = 17.5;
				LOCALIZATION_PREFERS_STRING_CATALOGS = YES;
				MTL_ENABLE_DEBUG_INFO = NO;
				MTL_FAST_MATH = YES;
				SDKROOT = iphoneos;
				VALIDATE_PRODUCT = YES;
			};
			name = Release;
		};
		04C205C22DF1281E00B6E96A /* Debug */ = {
			isa = XCBuildConfiguration;
			buildSettings = {
				ASSETCATALOG_COMPILER_APPICON_NAME = AppIcon;
				ASSETCATALOG_COMPILER_GLOBAL_ACCENT_COLOR_NAME = AccentColor;
				CODE_SIGN_STYLE = Automatic;
				CURRENT_PROJECT_VERSION = 1;
				DEVELOPMENT_TEAM = B3X5Z84XW5;
				GENERATE_INFOPLIST_FILE = YES;
				INFOPLIST_FILE = "Gabe's-Fridge/Resources/Info.plist";
				INFOPLIST_KEY_UIApplicationSupportsIndirectInputEvents = YES;
				INFOPLIST_KEY_UILaunchStoryboardName = LaunchScreen;
				INFOPLIST_KEY_UIMainStoryboardFile = Main;
				INFOPLIST_KEY_UISupportedInterfaceOrientations_iPad = "UIInterfaceOrientationPortrait UIInterfaceOrientationPortraitUpsideDown UIInterfaceOrientationLandscapeLeft UIInterfaceOrientationLandscapeRight";
				INFOPLIST_KEY_UISupportedInterfaceOrientations_iPhone = "UIInterfaceOrientationPortrait UIInterfaceOrientationLandscapeLeft UIInterfaceOrientationLandscapeRight";
				LD_RUNPATH_SEARCH_PATHS = (
					"$(inherited)",
					"@executable_path/Frameworks",
				);
				MARKETING_VERSION = 1.0;
				PRODUCT_BUNDLE_IDENTIFIER = "cyberbitrixx.Gabe-s-Fridge";
				PRODUCT_NAME = "$(TARGET_NAME)";
				SWIFT_EMIT_LOC_STRINGS = YES;
				TARGETED_DEVICE_FAMILY = "1,2";
			};
			name = Debug;
		};
		04C205C32DF1281E00B6E96A /* Release */ = {
			isa = XCBuildConfiguration;
			buildSettings = {
				ASSETCATALOG_COMPILER_APPICON_NAME = AppIcon;
				ASSETCATALOG_COMPILER_GLOBAL_ACCENT_COLOR_NAME = AccentColor;
				CODE_SIGN_STYLE = Automatic;
				CURRENT_PROJECT_VERSION = 1;
				DEVELOPMENT_TEAM = B3X5Z84XW5;
				GENERATE_INFOPLIST_FILE = YES;
				INFOPLIST_FILE = "Gabe's-Fridge/Resources/Info.plist";
				INFOPLIST_KEY_UIApplicationSupportsIndirectInputEvents = YES;
				INFOPLIST_KEY_UILaunchStoryboardName = LaunchScreen;
				INFOPLIST_KEY_UIMainStoryboardFile = Main;
				INFOPLIST_KEY_UISupportedInterfaceOrientations_iPad = "UIInterfaceOrientationPortrait UIInterfaceOrientationPortraitUpsideDown UIInterfaceOrientationLandscapeLeft UIInterfaceOrientationLandscapeRight";
				INFOPLIST_KEY_UISupportedInterfaceOrientations_iPhone = "UIInterfaceOrientationPortrait UIInterfaceOrientationLandscapeLeft UIInterfaceOrientationLandscapeRight";
				LD_RUNPATH_SEARCH_PATHS = (
					"$(inherited)",
					"@executable_path/Frameworks",
				);
				MARKETING_VERSION = 1.0;
				PRODUCT_BUNDLE_IDENTIFIER = "cyberbitrixx.Gabe-s-Fridge";
				PRODUCT_NAME = "$(TARGET_NAME)";
				SWIFT_EMIT_LOC_STRINGS = YES;
				TARGETED_DEVICE_FAMILY = "1,2";
			};
			name = Release;
		};
/* End XCBuildConfiguration section */

/* Begin XCConfigurationList section */
		04C205A02DF1281900B6E96A /* Build configuration list for PBXProject "Gabe's-Fridge" */ = {
			isa = XCConfigurationList;
			buildConfigurations = (
				04C205BF2DF1281E00B6E96A /* Debug */,
				04C205C02DF1281E00B6E96A /* Release */,
			);
			defaultConfigurationIsVisible = 0;
			defaultConfigurationName = Release;
		};
		04C205C12DF1281E00B6E96A /* Build configuration list for PBXNativeTarget "Gabe's-Fridge" */ = {
			isa = XCConfigurationList;
			buildConfigurations = (
				04C205C22DF1281E00B6E96A /* Debug */,
				04C205C32DF1281E00B6E96A /* Release */,
			);
			defaultConfigurationIsVisible = 0;
			defaultConfigurationName = Release;
		};
/* End XCConfigurationList section */

/* Begin XCVersionGroup section */
		04C205B42DF1281A00B6E96A /* Gabe_s_Fridge.xcdatamodeld */ = {
			isa = XCVersionGroup;
			children = (
				04C205B52DF1281A00B6E96A /* Gabe_s_Fridge.xcdatamodel */,
			);
			currentVersion = 04C205B52DF1281A00B6E96A /* Gabe_s_Fridge.xcdatamodel */;
			path = Gabe_s_Fridge.xcdatamodeld;
			sourceTree = "<group>";
			versionGroupType = wrapper.xcdatamodel;
		};
/* End XCVersionGroup section */
	};
	rootObject = 04C2059D2DF1281900B6E96A /* Project object */;
}
